{
  "requires": true,
  "lockfileVersion": 1,
  "dependencies": {
    "ngx-owl-carousel-o": {
      "version": "4.0.0",
      "resolved": "https://registry.npmjs.org/ngx-owl-carousel-o/-/ngx-owl-carousel-o-4.0.0.tgz",
      "integrity": "sha512-CaHiC9XyTgk4bMSVdYivUUFnvLU8ghouCPwxK25419SDfLeCo/gtfqkLQf5HdS1qIIQ0niAKSN8tQBz1HX0OKA==",
      "requires": {
        "tslib": "^2.0.0"
      }
    },
    "tslib": {
      "version": "2.0.1",
      "resolved": "https://registry.npmjs.org/tslib/-/tslib-2.0.1.tgz",
      "integrity": "sha512-SgIkNheinmEBgx1IUNirK0TUD4X9yjjBRTqqjggWCU3pUEqIk3/Uwl3yRixYKT6WjQuGiwDv4NomL3wqRCj+CQ=="
    }
  }
}
